
Microsoft Visual Studio Solution File, Format Version 12.00
# Visual Studio Version 16
VisualStudioVersion = 16.6.30114.105
MinimumVisualStudioVersion = 10.0.40219.1
Project("{2150E333-8FDC-42A3-9474-1A3956D46DE8}") = "Part2-Sequence Basics", "Part2-Sequence Basics", "{D67E061D-9D48-4470-A9EE-A5B35466039B}"
EndProject
Project("{2150E333-8FDC-42A3-9474-1A3956D46DE8}") = "01-Creating a sequence", "01-Creating a sequence", "{F66B64AC-7112-48DC-93C2-5DDC8D3B922D}"
EndProject
Project("{2150E333-8FDC-42A3-9474-1A3956D46DE8}") = "01-Simple factory methods", "01-Simple factory methods", "{4716BDD4-5736-46E2-8E7F-AED010B9C541}"
EndProject
Project("{9A19103F-16F7-4668-BE54-9A1E7A4F7556}") = "01_SimpleFactoryMethods", "SimpleFactoryMethods\01_SimpleFactoryMethods.csproj", "{EEEA012D-48C2-40D6-A6AC-EBFB251078AF}"
EndProject
Project("{9A19103F-16F7-4668-BE54-9A1E7A4F7556}") = "02_FactoryMethodBuilding", "FactoryMethodBuilding\02_FactoryMethodBuilding.csproj", "{C50C050B-F039-4CA8-9804-75FE6E172B22}"
EndProject
Project("{9A19103F-16F7-4668-BE54-9A1E7A4F7556}") = "03_TimerEventSequences", "03_TimerEventSequences\03_TimerEventSequences.csproj", "{DD4CB551-D01D-4D05-9BD2-790406E5A942}"
EndProject
Project("{2150E333-8FDC-42A3-9474-1A3956D46DE8}") = "02-Functional unfolds", "02-Functional unfolds", "{2E58E8F9-8BDA-4A6C-A1E1-8EFA458436A5}"
EndProject
Project("{2150E333-8FDC-42A3-9474-1A3956D46DE8}") = "03-Transitioning into IObservable", "03-Transitioning into IObservable", "{3D015C93-0107-4181-991B-8906AE210BF0}"
EndProject
Project("{2150E333-8FDC-42A3-9474-1A3956D46DE8}") = "02-Reducing a sequence", "02-Reducing a sequence", "{2A0F833E-5DD7-4747-B0D6-095B63F48D3F}"
EndProject
Project("{9A19103F-16F7-4668-BE54-9A1E7A4F7556}") = "04_Corecursion", "01_Corecursion\04_Corecursion.csproj", "{A79929D7-7CFD-4144-9E80-F70E23AAB6F8}"
EndProject
Project("{9A19103F-16F7-4668-BE54-9A1E7A4F7556}") = "06_RxTimers", "02_Timers\06_RxTimers.csproj", "{657EFFD6-B9D9-423D-89E7-3047A838E9EA}"
EndProject
Project("{9A19103F-16F7-4668-BE54-9A1E7A4F7556}") = "05_ObservableGenerateExercise", "06_ObservableGenerateExercise\05_ObservableGenerateExercise.csproj", "{3656A4B1-10D5-4694-9015-44D0239A60FB}"
EndProject
Global
	GlobalSection(SolutionConfigurationPlatforms) = preSolution
		Debug|Any CPU = Debug|Any CPU
		Debug|x64 = Debug|x64
		Debug|x86 = Debug|x86
		Release|Any CPU = Release|Any CPU
		Release|x64 = Release|x64
		Release|x86 = Release|x86
	EndGlobalSection
	GlobalSection(ProjectConfigurationPlatforms) = postSolution
		{EEEA012D-48C2-40D6-A6AC-EBFB251078AF}.Debug|Any CPU.ActiveCfg = Debug|Any CPU
		{EEEA012D-48C2-40D6-A6AC-EBFB251078AF}.Debug|Any CPU.Build.0 = Debug|Any CPU
		{EEEA012D-48C2-40D6-A6AC-EBFB251078AF}.Debug|x64.ActiveCfg = Debug|Any CPU
		{EEEA012D-48C2-40D6-A6AC-EBFB251078AF}.Debug|x64.Build.0 = Debug|Any CPU
		{EEEA012D-48C2-40D6-A6AC-EBFB251078AF}.Debug|x86.ActiveCfg = Debug|Any CPU
		{EEEA012D-48C2-40D6-A6AC-EBFB251078AF}.Debug|x86.Build.0 = Debug|Any CPU
		{EEEA012D-48C2-40D6-A6AC-EBFB251078AF}.Release|Any CPU.ActiveCfg = Release|Any CPU
		{EEEA012D-48C2-40D6-A6AC-EBFB251078AF}.Release|Any CPU.Build.0 = Release|Any CPU
		{EEEA012D-48C2-40D6-A6AC-EBFB251078AF}.Release|x64.ActiveCfg = Release|Any CPU
		{EEEA012D-48C2-40D6-A6AC-EBFB251078AF}.Release|x64.Build.0 = Release|Any CPU
		{EEEA012D-48C2-40D6-A6AC-EBFB251078AF}.Release|x86.ActiveCfg = Release|Any CPU
		{EEEA012D-48C2-40D6-A6AC-EBFB251078AF}.Release|x86.Build.0 = Release|Any CPU
		{C50C050B-F039-4CA8-9804-75FE6E172B22}.Debug|Any CPU.ActiveCfg = Debug|Any CPU
		{C50C050B-F039-4CA8-9804-75FE6E172B22}.Debug|Any CPU.Build.0 = Debug|Any CPU
		{C50C050B-F039-4CA8-9804-75FE6E172B22}.Debug|x64.ActiveCfg = Debug|Any CPU
		{C50C050B-F039-4CA8-9804-75FE6E172B22}.Debug|x64.Build.0 = Debug|Any CPU
		{C50C050B-F039-4CA8-9804-75FE6E172B22}.Debug|x86.ActiveCfg = Debug|Any CPU
		{C50C050B-F039-4CA8-9804-75FE6E172B22}.Debug|x86.Build.0 = Debug|Any CPU
		{C50C050B-F039-4CA8-9804-75FE6E172B22}.Release|Any CPU.ActiveCfg = Release|Any CPU
		{C50C050B-F039-4CA8-9804-75FE6E172B22}.Release|Any CPU.Build.0 = Release|Any CPU
		{C50C050B-F039-4CA8-9804-75FE6E172B22}.Release|x64.ActiveCfg = Release|Any CPU
		{C50C050B-F039-4CA8-9804-75FE6E172B22}.Release|x64.Build.0 = Release|Any CPU
		{C50C050B-F039-4CA8-9804-75FE6E172B22}.Release|x86.ActiveCfg = Release|Any CPU
		{C50C050B-F039-4CA8-9804-75FE6E172B22}.Release|x86.Build.0 = Release|Any CPU
		{DD4CB551-D01D-4D05-9BD2-790406E5A942}.Debug|Any CPU.ActiveCfg = Debug|Any CPU
		{DD4CB551-D01D-4D05-9BD2-790406E5A942}.Debug|Any CPU.Build.0 = Debug|Any CPU
		{DD4CB551-D01D-4D05-9BD2-790406E5A942}.Debug|x64.ActiveCfg = Debug|Any CPU
		{DD4CB551-D01D-4D05-9BD2-790406E5A942}.Debug|x64.Build.0 = Debug|Any CPU
		{DD4CB551-D01D-4D05-9BD2-790406E5A942}.Debug|x86.ActiveCfg = Debug|Any CPU
		{DD4CB551-D01D-4D05-9BD2-790406E5A942}.Debug|x86.Build.0 = Debug|Any CPU
		{DD4CB551-D01D-4D05-9BD2-790406E5A942}.Release|Any CPU.ActiveCfg = Release|Any CPU
		{DD4CB551-D01D-4D05-9BD2-790406E5A942}.Release|Any CPU.Build.0 = Release|Any CPU
		{DD4CB551-D01D-4D05-9BD2-790406E5A942}.Release|x64.ActiveCfg = Release|Any CPU
		{DD4CB551-D01D-4D05-9BD2-790406E5A942}.Release|x64.Build.0 = Release|Any CPU
		{DD4CB551-D01D-4D05-9BD2-790406E5A942}.Release|x86.ActiveCfg = Release|Any CPU
		{DD4CB551-D01D-4D05-9BD2-790406E5A942}.Release|x86.Build.0 = Release|Any CPU
		{A79929D7-7CFD-4144-9E80-F70E23AAB6F8}.Debug|Any CPU.ActiveCfg = Debug|Any CPU
		{A79929D7-7CFD-4144-9E80-F70E23AAB6F8}.Debug|Any CPU.Build.0 = Debug|Any CPU
		{A79929D7-7CFD-4144-9E80-F70E23AAB6F8}.Debug|x64.ActiveCfg = Debug|Any CPU
		{A79929D7-7CFD-4144-9E80-F70E23AAB6F8}.Debug|x64.Build.0 = Debug|Any CPU
		{A79929D7-7CFD-4144-9E80-F70E23AAB6F8}.Debug|x86.ActiveCfg = Debug|Any CPU
		{A79929D7-7CFD-4144-9E80-F70E23AAB6F8}.Debug|x86.Build.0 = Debug|Any CPU
		{A79929D7-7CFD-4144-9E80-F70E23AAB6F8}.Release|Any CPU.ActiveCfg = Release|Any CPU
		{A79929D7-7CFD-4144-9E80-F70E23AAB6F8}.Release|Any CPU.Build.0 = Release|Any CPU
		{A79929D7-7CFD-4144-9E80-F70E23AAB6F8}.Release|x64.ActiveCfg = Release|Any CPU
		{A79929D7-7CFD-4144-9E80-F70E23AAB6F8}.Release|x64.Build.0 = Release|Any CPU
		{A79929D7-7CFD-4144-9E80-F70E23AAB6F8}.Release|x86.ActiveCfg = Release|Any CPU
		{A79929D7-7CFD-4144-9E80-F70E23AAB6F8}.Release|x86.Build.0 = Release|Any CPU
		{657EFFD6-B9D9-423D-89E7-3047A838E9EA}.Debug|Any CPU.ActiveCfg = Debug|Any CPU
		{657EFFD6-B9D9-423D-89E7-3047A838E9EA}.Debug|Any CPU.Build.0 = Debug|Any CPU
		{657EFFD6-B9D9-423D-89E7-3047A838E9EA}.Debug|x64.ActiveCfg = Debug|Any CPU
		{657EFFD6-B9D9-423D-89E7-3047A838E9EA}.Debug|x64.Build.0 = Debug|Any CPU
		{657EFFD6-B9D9-423D-89E7-3047A838E9EA}.Debug|x86.ActiveCfg = Debug|Any CPU
		{657EFFD6-B9D9-423D-89E7-3047A838E9EA}.Debug|x86.Build.0 = Debug|Any CPU
		{657EFFD6-B9D9-423D-89E7-3047A838E9EA}.Release|Any CPU.ActiveCfg = Release|Any CPU
		{657EFFD6-B9D9-423D-89E7-3047A838E9EA}.Release|Any CPU.Build.0 = Release|Any CPU
		{657EFFD6-B9D9-423D-89E7-3047A838E9EA}.Release|x64.ActiveCfg = Release|Any CPU
		{657EFFD6-B9D9-423D-89E7-3047A838E9EA}.Release|x64.Build.0 = Release|Any CPU
		{657EFFD6-B9D9-423D-89E7-3047A838E9EA}.Release|x86.ActiveCfg = Release|Any CPU
		{657EFFD6-B9D9-423D-89E7-3047A838E9EA}.Release|x86.Build.0 = Release|Any CPU
		{3656A4B1-10D5-4694-9015-44D0239A60FB}.Debug|Any CPU.ActiveCfg = Debug|Any CPU
		{3656A4B1-10D5-4694-9015-44D0239A60FB}.Debug|Any CPU.Build.0 = Debug|Any CPU
		{3656A4B1-10D5-4694-9015-44D0239A60FB}.Debug|x64.ActiveCfg = Debug|Any CPU
		{3656A4B1-10D5-4694-9015-44D0239A60FB}.Debug|x64.Build.0 = Debug|Any CPU
		{3656A4B1-10D5-4694-9015-44D0239A60FB}.Debug|x86.ActiveCfg = Debug|Any CPU
		{3656A4B1-10D5-4694-9015-44D0239A60FB}.Debug|x86.Build.0 = Debug|Any CPU
		{3656A4B1-10D5-4694-9015-44D0239A60FB}.Release|Any CPU.ActiveCfg = Release|Any CPU
		{3656A4B1-10D5-4694-9015-44D0239A60FB}.Release|Any CPU.Build.0 = Release|Any CPU
		{3656A4B1-10D5-4694-9015-44D0239A60FB}.Release|x64.ActiveCfg = Release|Any CPU
		{3656A4B1-10D5-4694-9015-44D0239A60FB}.Release|x64.Build.0 = Release|Any CPU
		{3656A4B1-10D5-4694-9015-44D0239A60FB}.Release|x86.ActiveCfg = Release|Any CPU
		{3656A4B1-10D5-4694-9015-44D0239A60FB}.Release|x86.Build.0 = Release|Any CPU
	EndGlobalSection
	GlobalSection(SolutionProperties) = preSolution
		HideSolutionNode = FALSE
	EndGlobalSection
	GlobalSection(NestedProjects) = preSolution
		{F66B64AC-7112-48DC-93C2-5DDC8D3B922D} = {D67E061D-9D48-4470-A9EE-A5B35466039B}
		{4716BDD4-5736-46E2-8E7F-AED010B9C541} = {F66B64AC-7112-48DC-93C2-5DDC8D3B922D}
		{EEEA012D-48C2-40D6-A6AC-EBFB251078AF} = {4716BDD4-5736-46E2-8E7F-AED010B9C541}
		{C50C050B-F039-4CA8-9804-75FE6E172B22} = {4716BDD4-5736-46E2-8E7F-AED010B9C541}
		{DD4CB551-D01D-4D05-9BD2-790406E5A942} = {4716BDD4-5736-46E2-8E7F-AED010B9C541}
		{2E58E8F9-8BDA-4A6C-A1E1-8EFA458436A5} = {F66B64AC-7112-48DC-93C2-5DDC8D3B922D}
		{3D015C93-0107-4181-991B-8906AE210BF0} = {F66B64AC-7112-48DC-93C2-5DDC8D3B922D}
		{2A0F833E-5DD7-4747-B0D6-095B63F48D3F} = {D67E061D-9D48-4470-A9EE-A5B35466039B}
		{A79929D7-7CFD-4144-9E80-F70E23AAB6F8} = {2E58E8F9-8BDA-4A6C-A1E1-8EFA458436A5}
		{657EFFD6-B9D9-423D-89E7-3047A838E9EA} = {2E58E8F9-8BDA-4A6C-A1E1-8EFA458436A5}
		{3656A4B1-10D5-4694-9015-44D0239A60FB} = {2E58E8F9-8BDA-4A6C-A1E1-8EFA458436A5}
	EndGlobalSection
	GlobalSection(ExtensibilityGlobals) = postSolution
		SolutionGuid = {0F2BAABC-0A05-4CEB-A672-6F986620184A}
	EndGlobalSection
EndGlobal
