
Microsoft Visual Studio Solution File, Format Version 12.00
# Visual Studio Version 16
VisualStudioVersion = 16.6.30114.105
MinimumVisualStudioVersion = 10.0.40219.1
Project("{2150E333-8FDC-42A3-9474-1A3956D46DE8}") = "Step2", "Step2", "{D67E061D-9D48-4470-A9EE-A5B35466039B}"
EndProject
Project("{9A19103F-16F7-4668-BE54-9A1E7A4F7556}") = "01_SimpleFactoryMethods", "Step2\01_SimpleFactoryMethods\01_SimpleFactoryMethods.csproj", "{E5B7B8F6-AD3B-4253-B77E-1D777C4BF98D}"
EndProject
Project("{9A19103F-16F7-4668-BE54-9A1E7A4F7556}") = "02_FactoryMethodBuilding", "Step2\02_FactoryMethodBuilding\02_FactoryMethodBuilding.csproj", "{57B1A3B2-166B-4982-9748-2116B2C35158}"
EndProject
Project("{9A19103F-16F7-4668-BE54-9A1E7A4F7556}") = "03_TimerEventSequences", "Step2\03_TimerEventSequences\03_TimerEventSequences.csproj", "{4CDD6BFC-FDA0-4172-A1C5-12155071888C}"
EndProject
Project("{9A19103F-16F7-4668-BE54-9A1E7A4F7556}") = "04_Corecursion", "Step2\04_Corecursion\04_Corecursion.csproj", "{12620855-0EC0-411D-8575-3B5A73922430}"
EndProject
Project("{9A19103F-16F7-4668-BE54-9A1E7A4F7556}") = "05_ObservableGenerateExercise", "Step2\05_ObservableGenerateExercise\05_ObservableGenerateExercise.csproj", "{01F9F7D5-3ED2-40A8-BCC6-76F11A2D617E}"
EndProject
Project("{9A19103F-16F7-4668-BE54-9A1E7A4F7556}") = "06_RxTimers", "Step2\06_Timers\06_RxTimers.csproj", "{009AD632-3F51-453B-983D-0E342111B6E5}"
EndProject
Project("{9A19103F-16F7-4668-BE54-9A1E7A4F7556}") = "07_Transitioning", "Step2\07_Transitioning\07_Transitioning.csproj", "{926EEC41-D29A-4584-93DC-D5FB9E077BC8}"
EndProject
Global
	GlobalSection(SolutionConfigurationPlatforms) = preSolution
		Debug|Any CPU = Debug|Any CPU
		Release|Any CPU = Release|Any CPU
	EndGlobalSection
	GlobalSection(ProjectConfigurationPlatforms) = postSolution
		{E5B7B8F6-AD3B-4253-B77E-1D777C4BF98D}.Debug|Any CPU.ActiveCfg = Debug|Any CPU
		{E5B7B8F6-AD3B-4253-B77E-1D777C4BF98D}.Debug|Any CPU.Build.0 = Debug|Any CPU
		{E5B7B8F6-AD3B-4253-B77E-1D777C4BF98D}.Release|Any CPU.ActiveCfg = Release|Any CPU
		{E5B7B8F6-AD3B-4253-B77E-1D777C4BF98D}.Release|Any CPU.Build.0 = Release|Any CPU
		{57B1A3B2-166B-4982-9748-2116B2C35158}.Debug|Any CPU.ActiveCfg = Debug|Any CPU
		{57B1A3B2-166B-4982-9748-2116B2C35158}.Debug|Any CPU.Build.0 = Debug|Any CPU
		{57B1A3B2-166B-4982-9748-2116B2C35158}.Release|Any CPU.ActiveCfg = Release|Any CPU
		{57B1A3B2-166B-4982-9748-2116B2C35158}.Release|Any CPU.Build.0 = Release|Any CPU
		{4CDD6BFC-FDA0-4172-A1C5-12155071888C}.Debug|Any CPU.ActiveCfg = Debug|Any CPU
		{4CDD6BFC-FDA0-4172-A1C5-12155071888C}.Debug|Any CPU.Build.0 = Debug|Any CPU
		{4CDD6BFC-FDA0-4172-A1C5-12155071888C}.Release|Any CPU.ActiveCfg = Release|Any CPU
		{4CDD6BFC-FDA0-4172-A1C5-12155071888C}.Release|Any CPU.Build.0 = Release|Any CPU
		{12620855-0EC0-411D-8575-3B5A73922430}.Debug|Any CPU.ActiveCfg = Debug|Any CPU
		{12620855-0EC0-411D-8575-3B5A73922430}.Debug|Any CPU.Build.0 = Debug|Any CPU
		{12620855-0EC0-411D-8575-3B5A73922430}.Release|Any CPU.ActiveCfg = Release|Any CPU
		{12620855-0EC0-411D-8575-3B5A73922430}.Release|Any CPU.Build.0 = Release|Any CPU
		{01F9F7D5-3ED2-40A8-BCC6-76F11A2D617E}.Debug|Any CPU.ActiveCfg = Debug|Any CPU
		{01F9F7D5-3ED2-40A8-BCC6-76F11A2D617E}.Debug|Any CPU.Build.0 = Debug|Any CPU
		{01F9F7D5-3ED2-40A8-BCC6-76F11A2D617E}.Release|Any CPU.ActiveCfg = Release|Any CPU
		{01F9F7D5-3ED2-40A8-BCC6-76F11A2D617E}.Release|Any CPU.Build.0 = Release|Any CPU
		{009AD632-3F51-453B-983D-0E342111B6E5}.Debug|Any CPU.ActiveCfg = Debug|Any CPU
		{009AD632-3F51-453B-983D-0E342111B6E5}.Debug|Any CPU.Build.0 = Debug|Any CPU
		{009AD632-3F51-453B-983D-0E342111B6E5}.Release|Any CPU.ActiveCfg = Release|Any CPU
		{009AD632-3F51-453B-983D-0E342111B6E5}.Release|Any CPU.Build.0 = Release|Any CPU
		{926EEC41-D29A-4584-93DC-D5FB9E077BC8}.Debug|Any CPU.ActiveCfg = Debug|Any CPU
		{926EEC41-D29A-4584-93DC-D5FB9E077BC8}.Debug|Any CPU.Build.0 = Debug|Any CPU
		{926EEC41-D29A-4584-93DC-D5FB9E077BC8}.Release|Any CPU.ActiveCfg = Release|Any CPU
		{926EEC41-D29A-4584-93DC-D5FB9E077BC8}.Release|Any CPU.Build.0 = Release|Any CPU
	EndGlobalSection
	GlobalSection(SolutionProperties) = preSolution
		HideSolutionNode = FALSE
	EndGlobalSection
	GlobalSection(NestedProjects) = preSolution
		{E5B7B8F6-AD3B-4253-B77E-1D777C4BF98D} = {D67E061D-9D48-4470-A9EE-A5B35466039B}
		{57B1A3B2-166B-4982-9748-2116B2C35158} = {D67E061D-9D48-4470-A9EE-A5B35466039B}
		{4CDD6BFC-FDA0-4172-A1C5-12155071888C} = {D67E061D-9D48-4470-A9EE-A5B35466039B}
		{12620855-0EC0-411D-8575-3B5A73922430} = {D67E061D-9D48-4470-A9EE-A5B35466039B}
		{01F9F7D5-3ED2-40A8-BCC6-76F11A2D617E} = {D67E061D-9D48-4470-A9EE-A5B35466039B}
		{009AD632-3F51-453B-983D-0E342111B6E5} = {D67E061D-9D48-4470-A9EE-A5B35466039B}
		{926EEC41-D29A-4584-93DC-D5FB9E077BC8} = {D67E061D-9D48-4470-A9EE-A5B35466039B}
	EndGlobalSection
	GlobalSection(ExtensibilityGlobals) = postSolution
		SolutionGuid = {0F2BAABC-0A05-4CEB-A672-6F986620184A}
	EndGlobalSection
EndGlobal
