
Microsoft Visual Studio Solution File, Format Version 12.00
# Visual Studio Version 16
VisualStudioVersion = 16.6.30114.105
MinimumVisualStudioVersion = 10.0.40219.1
Project("{2150E333-8FDC-42A3-9474-1A3956D46DE8}") = "Part2-Sequence Basics", "Part2-Sequence Basics", "{D67E061D-9D48-4470-A9EE-A5B35466039B}"
EndProject
Project("{2150E333-8FDC-42A3-9474-1A3956D46DE8}") = "01-Creating a sequence", "01-Creating a sequence", "{F66B64AC-7112-48DC-93C2-5DDC8D3B922D}"
EndProject
Project("{2150E333-8FDC-42A3-9474-1A3956D46DE8}") = "01-Simple factory methods", "01-Simple factory methods", "{4716BDD4-5736-46E2-8E7F-AED010B9C541}"
EndProject
Project("{9A19103F-16F7-4668-BE54-9A1E7A4F7556}") = "03_TimerEventSequences", "03_TimerEventSequences\03_TimerEventSequences.csproj", "{DD4CB551-D01D-4D05-9BD2-790406E5A942}"
EndProject
Project("{2150E333-8FDC-42A3-9474-1A3956D46DE8}") = "02-Functional unfolds", "02-Functional unfolds", "{2E58E8F9-8BDA-4A6C-A1E1-8EFA458436A5}"
EndProject
Project("{2150E333-8FDC-42A3-9474-1A3956D46DE8}") = "03-Transitioning into IObservable", "03-Transitioning into IObservable", "{3D015C93-0107-4181-991B-8906AE210BF0}"
EndProject
Project("{2150E333-8FDC-42A3-9474-1A3956D46DE8}") = "02-Reducing a sequence", "02-Reducing a sequence", "{2A0F833E-5DD7-4747-B0D6-095B63F48D3F}"
EndProject
Project("{9A19103F-16F7-4668-BE54-9A1E7A4F7556}") = "01_SimpleFactoryMethods", "01_SimpleFactoryMethods\01_SimpleFactoryMethods.csproj", "{97484352-87A9-4852-B846-DF445CD026F8}"
EndProject
Project("{9A19103F-16F7-4668-BE54-9A1E7A4F7556}") = "02_FactoryMethodBuilding", "02_FactoryMethodBuilding\02_FactoryMethodBuilding.csproj", "{94D36DF5-B82A-410B-86AB-91E572DD7FF8}"
EndProject
Project("{9A19103F-16F7-4668-BE54-9A1E7A4F7556}") = "04_Corecursion", "04_Corecursion\04_Corecursion.csproj", "{09699EB9-BF9E-4B24-81EE-5EC9BAAC1AF8}"
EndProject
Project("{9A19103F-16F7-4668-BE54-9A1E7A4F7556}") = "05_ObservableGenerateExercise", "05_ObservableGenerateExercise\05_ObservableGenerateExercise.csproj", "{D5E37FCE-3D4B-40D0-867F-DEC69CF6C349}"
EndProject
Project("{9A19103F-16F7-4668-BE54-9A1E7A4F7556}") = "06_RxTimers", "06_Timers\06_RxTimers.csproj", "{53E8EBC1-8567-47F8-B1E5-2988C1A9AA45}"
EndProject
Global
	GlobalSection(SolutionConfigurationPlatforms) = preSolution
		Debug|Any CPU = Debug|Any CPU
		Debug|x64 = Debug|x64
		Debug|x86 = Debug|x86
		Release|Any CPU = Release|Any CPU
		Release|x64 = Release|x64
		Release|x86 = Release|x86
	EndGlobalSection
	GlobalSection(ProjectConfigurationPlatforms) = postSolution
		{DD4CB551-D01D-4D05-9BD2-790406E5A942}.Debug|Any CPU.ActiveCfg = Debug|Any CPU
		{DD4CB551-D01D-4D05-9BD2-790406E5A942}.Debug|Any CPU.Build.0 = Debug|Any CPU
		{DD4CB551-D01D-4D05-9BD2-790406E5A942}.Debug|x64.ActiveCfg = Debug|Any CPU
		{DD4CB551-D01D-4D05-9BD2-790406E5A942}.Debug|x64.Build.0 = Debug|Any CPU
		{DD4CB551-D01D-4D05-9BD2-790406E5A942}.Debug|x86.ActiveCfg = Debug|Any CPU
		{DD4CB551-D01D-4D05-9BD2-790406E5A942}.Debug|x86.Build.0 = Debug|Any CPU
		{DD4CB551-D01D-4D05-9BD2-790406E5A942}.Release|Any CPU.ActiveCfg = Release|Any CPU
		{DD4CB551-D01D-4D05-9BD2-790406E5A942}.Release|Any CPU.Build.0 = Release|Any CPU
		{DD4CB551-D01D-4D05-9BD2-790406E5A942}.Release|x64.ActiveCfg = Release|Any CPU
		{DD4CB551-D01D-4D05-9BD2-790406E5A942}.Release|x64.Build.0 = Release|Any CPU
		{DD4CB551-D01D-4D05-9BD2-790406E5A942}.Release|x86.ActiveCfg = Release|Any CPU
		{DD4CB551-D01D-4D05-9BD2-790406E5A942}.Release|x86.Build.0 = Release|Any CPU
		{97484352-87A9-4852-B846-DF445CD026F8}.Debug|Any CPU.ActiveCfg = Debug|Any CPU
		{97484352-87A9-4852-B846-DF445CD026F8}.Debug|Any CPU.Build.0 = Debug|Any CPU
		{97484352-87A9-4852-B846-DF445CD026F8}.Debug|x64.ActiveCfg = Debug|Any CPU
		{97484352-87A9-4852-B846-DF445CD026F8}.Debug|x64.Build.0 = Debug|Any CPU
		{97484352-87A9-4852-B846-DF445CD026F8}.Debug|x86.ActiveCfg = Debug|Any CPU
		{97484352-87A9-4852-B846-DF445CD026F8}.Debug|x86.Build.0 = Debug|Any CPU
		{97484352-87A9-4852-B846-DF445CD026F8}.Release|Any CPU.ActiveCfg = Release|Any CPU
		{97484352-87A9-4852-B846-DF445CD026F8}.Release|Any CPU.Build.0 = Release|Any CPU
		{97484352-87A9-4852-B846-DF445CD026F8}.Release|x64.ActiveCfg = Release|Any CPU
		{97484352-87A9-4852-B846-DF445CD026F8}.Release|x64.Build.0 = Release|Any CPU
		{97484352-87A9-4852-B846-DF445CD026F8}.Release|x86.ActiveCfg = Release|Any CPU
		{97484352-87A9-4852-B846-DF445CD026F8}.Release|x86.Build.0 = Release|Any CPU
		{94D36DF5-B82A-410B-86AB-91E572DD7FF8}.Debug|Any CPU.ActiveCfg = Debug|Any CPU
		{94D36DF5-B82A-410B-86AB-91E572DD7FF8}.Debug|Any CPU.Build.0 = Debug|Any CPU
		{94D36DF5-B82A-410B-86AB-91E572DD7FF8}.Debug|x64.ActiveCfg = Debug|Any CPU
		{94D36DF5-B82A-410B-86AB-91E572DD7FF8}.Debug|x64.Build.0 = Debug|Any CPU
		{94D36DF5-B82A-410B-86AB-91E572DD7FF8}.Debug|x86.ActiveCfg = Debug|Any CPU
		{94D36DF5-B82A-410B-86AB-91E572DD7FF8}.Debug|x86.Build.0 = Debug|Any CPU
		{94D36DF5-B82A-410B-86AB-91E572DD7FF8}.Release|Any CPU.ActiveCfg = Release|Any CPU
		{94D36DF5-B82A-410B-86AB-91E572DD7FF8}.Release|Any CPU.Build.0 = Release|Any CPU
		{94D36DF5-B82A-410B-86AB-91E572DD7FF8}.Release|x64.ActiveCfg = Release|Any CPU
		{94D36DF5-B82A-410B-86AB-91E572DD7FF8}.Release|x64.Build.0 = Release|Any CPU
		{94D36DF5-B82A-410B-86AB-91E572DD7FF8}.Release|x86.ActiveCfg = Release|Any CPU
		{94D36DF5-B82A-410B-86AB-91E572DD7FF8}.Release|x86.Build.0 = Release|Any CPU
		{09699EB9-BF9E-4B24-81EE-5EC9BAAC1AF8}.Debug|Any CPU.ActiveCfg = Debug|Any CPU
		{09699EB9-BF9E-4B24-81EE-5EC9BAAC1AF8}.Debug|Any CPU.Build.0 = Debug|Any CPU
		{09699EB9-BF9E-4B24-81EE-5EC9BAAC1AF8}.Debug|x64.ActiveCfg = Debug|Any CPU
		{09699EB9-BF9E-4B24-81EE-5EC9BAAC1AF8}.Debug|x64.Build.0 = Debug|Any CPU
		{09699EB9-BF9E-4B24-81EE-5EC9BAAC1AF8}.Debug|x86.ActiveCfg = Debug|Any CPU
		{09699EB9-BF9E-4B24-81EE-5EC9BAAC1AF8}.Debug|x86.Build.0 = Debug|Any CPU
		{09699EB9-BF9E-4B24-81EE-5EC9BAAC1AF8}.Release|Any CPU.ActiveCfg = Release|Any CPU
		{09699EB9-BF9E-4B24-81EE-5EC9BAAC1AF8}.Release|Any CPU.Build.0 = Release|Any CPU
		{09699EB9-BF9E-4B24-81EE-5EC9BAAC1AF8}.Release|x64.ActiveCfg = Release|Any CPU
		{09699EB9-BF9E-4B24-81EE-5EC9BAAC1AF8}.Release|x64.Build.0 = Release|Any CPU
		{09699EB9-BF9E-4B24-81EE-5EC9BAAC1AF8}.Release|x86.ActiveCfg = Release|Any CPU
		{09699EB9-BF9E-4B24-81EE-5EC9BAAC1AF8}.Release|x86.Build.0 = Release|Any CPU
		{D5E37FCE-3D4B-40D0-867F-DEC69CF6C349}.Debug|Any CPU.ActiveCfg = Debug|Any CPU
		{D5E37FCE-3D4B-40D0-867F-DEC69CF6C349}.Debug|Any CPU.Build.0 = Debug|Any CPU
		{D5E37FCE-3D4B-40D0-867F-DEC69CF6C349}.Debug|x64.ActiveCfg = Debug|Any CPU
		{D5E37FCE-3D4B-40D0-867F-DEC69CF6C349}.Debug|x64.Build.0 = Debug|Any CPU
		{D5E37FCE-3D4B-40D0-867F-DEC69CF6C349}.Debug|x86.ActiveCfg = Debug|Any CPU
		{D5E37FCE-3D4B-40D0-867F-DEC69CF6C349}.Debug|x86.Build.0 = Debug|Any CPU
		{D5E37FCE-3D4B-40D0-867F-DEC69CF6C349}.Release|Any CPU.ActiveCfg = Release|Any CPU
		{D5E37FCE-3D4B-40D0-867F-DEC69CF6C349}.Release|Any CPU.Build.0 = Release|Any CPU
		{D5E37FCE-3D4B-40D0-867F-DEC69CF6C349}.Release|x64.ActiveCfg = Release|Any CPU
		{D5E37FCE-3D4B-40D0-867F-DEC69CF6C349}.Release|x64.Build.0 = Release|Any CPU
		{D5E37FCE-3D4B-40D0-867F-DEC69CF6C349}.Release|x86.ActiveCfg = Release|Any CPU
		{D5E37FCE-3D4B-40D0-867F-DEC69CF6C349}.Release|x86.Build.0 = Release|Any CPU
		{53E8EBC1-8567-47F8-B1E5-2988C1A9AA45}.Debug|Any CPU.ActiveCfg = Debug|Any CPU
		{53E8EBC1-8567-47F8-B1E5-2988C1A9AA45}.Debug|Any CPU.Build.0 = Debug|Any CPU
		{53E8EBC1-8567-47F8-B1E5-2988C1A9AA45}.Debug|x64.ActiveCfg = Debug|Any CPU
		{53E8EBC1-8567-47F8-B1E5-2988C1A9AA45}.Debug|x64.Build.0 = Debug|Any CPU
		{53E8EBC1-8567-47F8-B1E5-2988C1A9AA45}.Debug|x86.ActiveCfg = Debug|Any CPU
		{53E8EBC1-8567-47F8-B1E5-2988C1A9AA45}.Debug|x86.Build.0 = Debug|Any CPU
		{53E8EBC1-8567-47F8-B1E5-2988C1A9AA45}.Release|Any CPU.ActiveCfg = Release|Any CPU
		{53E8EBC1-8567-47F8-B1E5-2988C1A9AA45}.Release|Any CPU.Build.0 = Release|Any CPU
		{53E8EBC1-8567-47F8-B1E5-2988C1A9AA45}.Release|x64.ActiveCfg = Release|Any CPU
		{53E8EBC1-8567-47F8-B1E5-2988C1A9AA45}.Release|x64.Build.0 = Release|Any CPU
		{53E8EBC1-8567-47F8-B1E5-2988C1A9AA45}.Release|x86.ActiveCfg = Release|Any CPU
		{53E8EBC1-8567-47F8-B1E5-2988C1A9AA45}.Release|x86.Build.0 = Release|Any CPU
	EndGlobalSection
	GlobalSection(SolutionProperties) = preSolution
		HideSolutionNode = FALSE
	EndGlobalSection
	GlobalSection(NestedProjects) = preSolution
		{F66B64AC-7112-48DC-93C2-5DDC8D3B922D} = {D67E061D-9D48-4470-A9EE-A5B35466039B}
		{4716BDD4-5736-46E2-8E7F-AED010B9C541} = {F66B64AC-7112-48DC-93C2-5DDC8D3B922D}
		{DD4CB551-D01D-4D05-9BD2-790406E5A942} = {4716BDD4-5736-46E2-8E7F-AED010B9C541}
		{2E58E8F9-8BDA-4A6C-A1E1-8EFA458436A5} = {F66B64AC-7112-48DC-93C2-5DDC8D3B922D}
		{3D015C93-0107-4181-991B-8906AE210BF0} = {F66B64AC-7112-48DC-93C2-5DDC8D3B922D}
		{2A0F833E-5DD7-4747-B0D6-095B63F48D3F} = {D67E061D-9D48-4470-A9EE-A5B35466039B}
		{97484352-87A9-4852-B846-DF445CD026F8} = {4716BDD4-5736-46E2-8E7F-AED010B9C541}
		{94D36DF5-B82A-410B-86AB-91E572DD7FF8} = {4716BDD4-5736-46E2-8E7F-AED010B9C541}
		{09699EB9-BF9E-4B24-81EE-5EC9BAAC1AF8} = {2E58E8F9-8BDA-4A6C-A1E1-8EFA458436A5}
		{D5E37FCE-3D4B-40D0-867F-DEC69CF6C349} = {2E58E8F9-8BDA-4A6C-A1E1-8EFA458436A5}
		{53E8EBC1-8567-47F8-B1E5-2988C1A9AA45} = {2E58E8F9-8BDA-4A6C-A1E1-8EFA458436A5}
	EndGlobalSection
	GlobalSection(ExtensibilityGlobals) = postSolution
		SolutionGuid = {0F2BAABC-0A05-4CEB-A672-6F986620184A}
	EndGlobalSection
EndGlobal
